
Microsoft Visual Studio Solution File, Format Version 12.00
# Visual Studio 15
VisualStudioVersion = 15.0.27130.2024
MinimumVisualStudioVersion = 10.0.40219.1
Project("{FAE04EC0-301F-11D3-BF4B-00C04F79EFBC}") = "Class1Prep4", "Class1Prep4\Class1Prep4.csproj", "{A8068B19-78AE-4D3F-999B-7616D8A96DBA}"
EndProject
Global
	GlobalSection(SolutionConfigurationPlatforms) = preSolution
		Debug|Any CPU = Debug|Any CPU
		Release|Any CPU = Release|Any CPU
	EndGlobalSection
	GlobalSection(ProjectConfigurationPlatforms) = postSolution
		{A8068B19-78AE-4D3F-999B-7616D8A96DBA}.Debug|Any CPU.ActiveCfg = Debug|Any CPU
		{A8068B19-78AE-4D3F-999B-7616D8A96DBA}.Debug|Any CPU.Build.0 = Debug|Any CPU
		{A8068B19-78AE-4D3F-999B-7616D8A96DBA}.Release|Any CPU.ActiveCfg = Release|Any CPU
		{A8068B19-78AE-4D3F-999B-7616D8A96DBA}.Release|Any CPU.Build.0 = Release|Any CPU
	EndGlobalSection
	GlobalSection(SolutionProperties) = preSolution
		HideSolutionNode = FALSE
	EndGlobalSection
	GlobalSection(ExtensibilityGlobals) = postSolution
		SolutionGuid = {92A4DEB7-ADB6-4A6C-A77B-849553884252}
	EndGlobalSection
EndGlobal
